
Microsoft Visual Studio Solution File, Format Version 12.00
# Visual Studio Version 16
VisualStudioVersion = 25.0.1705.4
MinimumVisualStudioVersion = 10.0.40219.1
Project("{FAE04EC0-301F-11D3-BF4B-00C04F79EFBC}") = "Publisher", "Publisher\Publisher.csproj", "{256337B2-E181-4003-B541-87C7830C06E7}"
EndProject
Project("{FAE04EC0-301F-11D3-BF4B-00C04F79EFBC}") = "Intermediary", "Intermediary\Intermediary.csproj", "{5143D9D3-DF57-450D-8F49-3B01DEFC5E7F}"
EndProject
Project("{FAE04EC0-301F-11D3-BF4B-00C04F79EFBC}") = "SubscriberA", "SubscriberA\SubscriberA.csproj", "{E04E7625-6A3D-4484-BC95-7480FCB0D485}"
EndProject
Project("{FAE04EC0-301F-11D3-BF4B-00C04F79EFBC}") = "SubscriberB", "SubscriberB\SubscriberB.csproj", "{43B9955C-2D88-44F5-A6DB-61C9BFB08159}"
EndProject
Global
	GlobalSection(SolutionConfigurationPlatforms) = preSolution
		Debug|Any CPU = Debug|Any CPU
		Release|Any CPU = Release|Any CPU
	EndGlobalSection
	GlobalSection(ProjectConfigurationPlatforms) = postSolution
		{256337B2-E181-4003-B541-87C7830C06E7}.Debug|Any CPU.ActiveCfg = Debug|Any CPU
		{256337B2-E181-4003-B541-87C7830C06E7}.Debug|Any CPU.Build.0 = Debug|Any CPU
		{256337B2-E181-4003-B541-87C7830C06E7}.Release|Any CPU.ActiveCfg = Release|Any CPU
		{256337B2-E181-4003-B541-87C7830C06E7}.Release|Any CPU.Build.0 = Release|Any CPU
		{5143D9D3-DF57-450D-8F49-3B01DEFC5E7F}.Debug|Any CPU.ActiveCfg = Debug|Any CPU
		{5143D9D3-DF57-450D-8F49-3B01DEFC5E7F}.Debug|Any CPU.Build.0 = Debug|Any CPU
		{5143D9D3-DF57-450D-8F49-3B01DEFC5E7F}.Release|Any CPU.ActiveCfg = Release|Any CPU
		{5143D9D3-DF57-450D-8F49-3B01DEFC5E7F}.Release|Any CPU.Build.0 = Release|Any CPU
		{E04E7625-6A3D-4484-BC95-7480FCB0D485}.Debug|Any CPU.ActiveCfg = Debug|Any CPU
		{E04E7625-6A3D-4484-BC95-7480FCB0D485}.Debug|Any CPU.Build.0 = Debug|Any CPU
		{E04E7625-6A3D-4484-BC95-7480FCB0D485}.Release|Any CPU.ActiveCfg = Release|Any CPU
		{E04E7625-6A3D-4484-BC95-7480FCB0D485}.Release|Any CPU.Build.0 = Release|Any CPU
		{43B9955C-2D88-44F5-A6DB-61C9BFB08159}.Debug|Any CPU.ActiveCfg = Debug|Any CPU
		{43B9955C-2D88-44F5-A6DB-61C9BFB08159}.Debug|Any CPU.Build.0 = Debug|Any CPU
		{43B9955C-2D88-44F5-A6DB-61C9BFB08159}.Release|Any CPU.ActiveCfg = Release|Any CPU
		{43B9955C-2D88-44F5-A6DB-61C9BFB08159}.Release|Any CPU.Build.0 = Release|Any CPU
	EndGlobalSection
	GlobalSection(SolutionProperties) = preSolution
		HideSolutionNode = FALSE
	EndGlobalSection
	GlobalSection(ExtensibilityGlobals) = postSolution
		SolutionGuid = {1F43F66B-6E69-49E7-AA4C-8D91EA023986}
	EndGlobalSection
EndGlobal
